{
	"name": "@alluxio/master-ui",
	"version": "1.0.0",
	"lockfileVersion": 1,
	"requires": true,
	"dependencies": {
		"@babel/runtime": {
			"version": "7.2.0",
			"resolved": "https://registry.npmjs.org/@babel/runtime/-/runtime-7.2.0.tgz",
			"integrity": "sha512-oouEibCbHMVdZSDlJBO6bZmID/zA/G/Qx3H1d3rSNPTD+L8UNKvCat7aKWSJ74zYbm5zWGh0GQN0hKj8zYFTCg==",
			"requires": {
				"regenerator-runtime": "^0.12.0"
			},
			"dependencies": {
				"regenerator-runtime": {
					"version": "0.12.1",
					"resolved": "https://registry.npmjs.org/regenerator-runtime/-/regenerator-runtime-0.12.1.tgz",
					"integrity": "sha512-odxIc1/vDlo4iZcfXqRYFj0vpXFNoGdKMAUieAlFYO6m/nl5e9KR/beGf41z4a1FI+aQgtjhuaSlDxQ0hmkrHg=="
				}
			}
		},
		"@types/bootstrap": {
			"version": "4.1.4",
			"resolved": "https://registry.npmjs.org/@types/bootstrap/-/bootstrap-4.1.4.tgz",
			"integrity": "sha512-B1UDJ3ye9YUc+GPDT4bFdJzyggCPleuJznlXPZJgMtf3tnvrS5iVy6qRZFfDJje/OwzKNncBwM3oUViptNZmxQ==",
			"dev": true,
			"requires": {
				"@types/jquery": "*",
				"popper.js": "^1.14.1"
			}
		},
		"@types/jest": {
			"version": "23.3.12",
			"resolved": "https://registry.npmjs.org/@types/jest/-/jest-23.3.12.tgz",
			"integrity": "sha512-/kQvbVzdEpOq4tEWT79yAHSM4nH4xMlhJv2GrLVQt4Qmo8yYsPdioBM1QpN/2GX1wkfMnyXvdoftvLUr0LBj7Q==",
			"dev": true
		},
		"@types/jquery": {
			"version": "3.3.29",
			"resolved": "https://registry.npmjs.org/@types/jquery/-/jquery-3.3.29.tgz",
			"integrity": "sha512-FhJvBninYD36v3k6c+bVk1DSZwh7B5Dpb/Pyk3HKVsiohn0nhbefZZ+3JXbWQhFyt0MxSl2jRDdGQPHeOHFXrQ==",
			"dev": true,
			"requires": {
				"@types/sizzle": "*"
			}
		},
		"@types/node": {
			"version": "10.12.18",
			"resolved": "https://registry.npmjs.org/@types/node/-/node-10.12.18.tgz",
			"integrity": "sha512-fh+pAqt4xRzPfqA6eh3Z2y6fyZavRIumvjhaCL753+TVkGKGhpPeyrJG2JftD0T9q4GF00KjefsQ+PQNDdWQaQ==",
			"dev": true
		},
		"@types/prop-types": {
			"version": "15.5.8",
			"resolved": "https://registry.npmjs.org/@types/prop-types/-/prop-types-15.5.8.tgz",
			"integrity": "sha512-3AQoUxQcQtLHsK25wtTWIoIpgYjH3vSDroZOUr7PpCHw/jLY1RB9z9E8dBT/OSmwStVgkRNvdh+ZHNiomRieaw==",
			"dev": true
		},
		"@types/react": {
			"version": "16.7.18",
			"resolved": "https://registry.npmjs.org/@types/react/-/react-16.7.18.tgz",
			"integrity": "sha512-Tx4uu3ppK53/iHk6VpamMP3f3ahfDLEVt3ZQc8TFm30a1H3v9lMsCntBREswZIW/SKrvJjkb3Hq8UwO6GREBng==",
			"dev": true,
			"requires": {
				"@types/prop-types": "*",
				"csstype": "^2.2.0"
			}
		},
		"@types/react-helmet": {
			"version": "5.0.8",
			"resolved": "https://registry.npmjs.org/@types/react-helmet/-/react-helmet-5.0.8.tgz",
			"integrity": "sha512-ZTr12eDAYI0yUiMx1K82EHqRYa8J1BOOLus+0gL+AkksUiIPwLE0wLiXa9FNqD8r9GXAi+yRPZImkRh1JNlTkQ==",
			"dev": true,
			"requires": {
				"@types/react": "*"
			}
		},
		"@types/react-redux": {
			"version": "6.0.12",
			"resolved": "https://registry.npmjs.org/@types/react-redux/-/react-redux-6.0.12.tgz",
			"integrity": "sha512-fvcpm7cfW/JMflRdZgegCVbSGYt/hyEWQKriesaLZDRDjBGKQsAiui08VCQg5lBpocPmulVGKFhICtOAcMUPOQ==",
			"dev": true,
			"requires": {
				"@types/react": "*",
				"redux": "^4.0.0"
			}
		},
		"@types/reactstrap": {
			"version": "6.4.4",
			"resolved": "https://registry.npmjs.org/@types/reactstrap/-/reactstrap-6.4.4.tgz",
			"integrity": "sha512-UlR5HIitjdbce/+INRwvqq6UZEjpB0hCnbTBalZbTCLGKqWQDZcCxsy5+R/IJFb+Hv6zmGsz6TlDwnikK9D7IQ==",
			"dev": true,
			"requires": {
				"@types/react": "*",
				"popper.js": "^1.14.1"
			}
		},
		"@types/sizzle": {
			"version": "2.3.2",
			"resolved": "https://registry.npmjs.org/@types/sizzle/-/sizzle-2.3.2.tgz",
			"integrity": "sha512-7EJYyKTL7tFR8+gDbB6Wwz/arpGa0Mywk1TJbNzKzHtzbwVmY4HR9WqS5VV7dsBUKQmPNr192jHr/VpBluj/hg==",
			"dev": true
		},
		"array.prototype.flat": {
			"version": "1.2.1",
			"resolved": "https://registry.npmjs.org/array.prototype.flat/-/array.prototype.flat-1.2.1.tgz",
			"integrity": "sha512-rVqIs330nLJvfC7JqYvEWwqVr5QjYF1ib02i3YJtR/fICO6527Tjpc/e4Mvmxh3GIePPreRXMdaGyC99YphWEw==",
			"dev": true,
			"requires": {
				"define-properties": "^1.1.2",
				"es-abstract": "^1.10.0",
				"function-bind": "^1.1.1"
			}
		},
		"boolbase": {
			"version": "1.0.0",
			"resolved": "https://registry.npmjs.org/boolbase/-/boolbase-1.0.0.tgz",
			"integrity": "sha1-aN/1++YMUes3cl6p4+0xDcwed24=",
			"dev": true
		},
		"bootstrap": {
			"version": "4.1.3",
			"resolved": "https://registry.npmjs.org/bootstrap/-/bootstrap-4.1.3.tgz",
			"integrity": "sha512-rDFIzgXcof0jDyjNosjv4Sno77X4KuPeFxG2XZZv1/Kc8DRVGVADdoQyyOVDwPqL36DDmtCQbrpMCqvpPLJQ0w=="
		},
		"cheerio": {
			"version": "1.0.0-rc.2",
			"resolved": "https://registry.npmjs.org/cheerio/-/cheerio-1.0.0-rc.2.tgz",
			"integrity": "sha1-S59TqBsn5NXawxwP/Qz6A8xoMNs=",
			"dev": true,
			"requires": {
				"css-select": "~1.2.0",
				"dom-serializer": "~0.1.0",
				"entities": "~1.1.1",
				"htmlparser2": "^3.9.1",
				"lodash": "^4.15.0",
				"parse5": "^3.0.1"
			},
			"dependencies": {
				"css-select": {
					"version": "1.2.0",
					"resolved": "https://registry.npmjs.org/css-select/-/css-select-1.2.0.tgz",
					"integrity": "sha1-KzoRBTnFNV8c2NMUYj6HCxIeyFg=",
					"dev": true,
					"requires": {
						"boolbase": "~1.0.0",
						"css-what": "2.1",
						"domutils": "1.5.1",
						"nth-check": "~1.0.1"
					}
				},
				"domhandler": {
					"version": "2.4.2",
					"resolved": "https://registry.npmjs.org/domhandler/-/domhandler-2.4.2.tgz",
					"integrity": "sha512-JiK04h0Ht5u/80fdLMCEmV4zkNh2BcoMFBmZ/91WtYZ8qVXSKjiw7fXMgFPnHcSZgOo3XdinHvmnDUeMf5R4wA==",
					"dev": true,
					"requires": {
						"domelementtype": "1"
					}
				},
				"domutils": {
					"version": "1.5.1",
					"resolved": "https://registry.npmjs.org/domutils/-/domutils-1.5.1.tgz",
					"integrity": "sha1-3NhIiib1Y9YQeeSMn3t+Mjc2gs8=",
					"dev": true,
					"requires": {
						"dom-serializer": "0",
						"domelementtype": "1"
					}
				},
				"htmlparser2": {
					"version": "3.10.0",
					"resolved": "https://registry.npmjs.org/htmlparser2/-/htmlparser2-3.10.0.tgz",
					"integrity": "sha512-J1nEUGv+MkXS0weHNWVKJJ+UrLfePxRWpN3C9bEi9fLxL2+ggW94DQvgYVXsaT30PGwYRIZKNZXuyMhp3Di4bQ==",
					"dev": true,
					"requires": {
						"domelementtype": "^1.3.0",
						"domhandler": "^2.3.0",
						"domutils": "^1.5.1",
						"entities": "^1.1.1",
						"inherits": "^2.0.1",
						"readable-stream": "^3.0.6"
					}
				},
				"parse5": {
					"version": "3.0.3",
					"resolved": "https://registry.npmjs.org/parse5/-/parse5-3.0.3.tgz",
					"integrity": "sha512-rgO9Zg5LLLkfJF9E6CCmXlSE4UVceloys8JrFqCcHloC3usd/kJCyPDwH2SOlzix2j3xaP9sUX3e8+kvkuleAA==",
					"dev": true,
					"requires": {
						"@types/node": "*"
					}
				},
				"readable-stream": {
					"version": "3.1.1",
					"resolved": "https://registry.npmjs.org/readable-stream/-/readable-stream-3.1.1.tgz",
					"integrity": "sha512-DkN66hPyqDhnIQ6Jcsvx9bFjhw214O4poMBcIMgPVpQvNy9a0e0Uhg5SqySyDKAmUlwt8LonTBz1ezOnM8pUdA==",
					"dev": true,
					"requires": {
						"inherits": "^2.0.3",
						"string_decoder": "^1.1.1",
						"util-deprecate": "^1.0.1"
					}
				}
			}
		},
		"classnames": {
			"version": "2.2.6",
			"resolved": "https://registry.npmjs.org/classnames/-/classnames-2.2.6.tgz",
			"integrity": "sha512-JR/iSQOSt+LQIWwrwEzJ9uk0xfN3mTVYMwt1Ir5mUcSN6pU+V4zQFFaJsclJbPuAUQH+yfWef6tm7l1quW3C8Q=="
		},
		"commander": {
			"version": "2.19.0",
			"resolved": "https://registry.npmjs.org/commander/-/commander-2.19.0.tgz",
			"integrity": "sha512-6tvAOO+D6OENvRAh524Dh9jcfKTYDQAqvqezbCW82xj5X0pSrcpxtvRKHLG0yBY6SD7PSDrJaj+0AiOcKVd1Xg==",
			"dev": true
		},
		"connected-react-router": {
			"version": "5.0.1",
			"resolved": "https://registry.npmjs.org/connected-react-router/-/connected-react-router-5.0.1.tgz",
			"integrity": "sha512-0QwWYPRGZQ7f284lmqc5kwC4T3iW3zrAH3zzi6uUMzTOxbA+mn38tAgMOoVo9m3pbskvONFtXiajgVkCElE9EQ==",
			"requires": {
				"immutable": "^3.8.1",
				"seamless-immutable": "^7.1.3"
			}
		},
		"css-what": {
			"version": "2.1.2",
			"resolved": "https://registry.npmjs.org/css-what/-/css-what-2.1.2.tgz",
			"integrity": "sha512-wan8dMWQ0GUeF7DGEPVjhHemVW/vy6xUYmFzRY8RYqgA0JtXC9rJmbScBjqSu6dg9q0lwPQy6ZAmJVr3PPTvqQ==",
			"dev": true
		},
		"csstype": {
			"version": "2.6.0",
			"resolved": "https://registry.npmjs.org/csstype/-/csstype-2.6.0.tgz",
			"integrity": "sha512-by8hi8BlLbowQq0qtkx54d9aN73R9oUW20HISpka5kmgsR9F7nnxgfsemuR2sdCKZh+CDNf5egW9UZMm4mgJRg==",
			"dev": true
		},
		"define-properties": {
			"version": "1.1.3",
			"resolved": "https://registry.npmjs.org/define-properties/-/define-properties-1.1.3.tgz",
			"integrity": "sha512-3MqfYKj2lLzdMSf8ZIZE/V+Zuy+BgD6f164e8K2w7dgnpKArBDerGYpM46IYYcjnkdPNMjPk9A6VFB8+3SKlXQ==",
			"dev": true,
			"requires": {
				"object-keys": "^1.0.12"
			}
		},
		"discontinuous-range": {
			"version": "1.0.0",
			"resolved": "https://registry.npmjs.org/discontinuous-range/-/discontinuous-range-1.0.0.tgz",
			"integrity": "sha1-44Mx8IRLukm5qctxx3FYWqsbxlo=",
			"dev": true
		},
		"dom-helpers": {
			"version": "3.4.0",
			"resolved": "https://registry.npmjs.org/dom-helpers/-/dom-helpers-3.4.0.tgz",
			"integrity": "sha512-LnuPJ+dwqKDIyotW1VzmOZ5TONUN7CwkCR5hrgawTUbkBGYdeoNLZo6nNfGkCrjtE1nXXaj7iMMpDa8/d9WoIA==",
			"requires": {
				"@babel/runtime": "^7.1.2"
			}
		},
		"dom-serializer": {
			"version": "0.1.0",
			"resolved": "https://registry.npmjs.org/dom-serializer/-/dom-serializer-0.1.0.tgz",
			"integrity": "sha1-BzxpdUbOB4DOI75KKOKT5AvDDII=",
			"dev": true,
			"requires": {
				"domelementtype": "~1.1.1",
				"entities": "~1.1.1"
			},
			"dependencies": {
				"domelementtype": {
					"version": "1.1.3",
					"resolved": "https://registry.npmjs.org/domelementtype/-/domelementtype-1.1.3.tgz",
					"integrity": "sha1-vSh3PiZCiBrsUVRJJCmcXNgiGFs=",
					"dev": true
				}
			}
		},
		"domelementtype": {
			"version": "1.3.1",
			"resolved": "https://registry.npmjs.org/domelementtype/-/domelementtype-1.3.1.tgz",
			"integrity": "sha512-BSKB+TSpMpFI/HOxCNr1O8aMOTZ8hT3pM3GQ0w/mWRmkhEDSFJkkyzz4XQsBV44BChwGkrDfMyjVD0eA2aFV3w==",
			"dev": true
		},
		"entities": {
			"version": "1.1.2",
			"resolved": "https://registry.npmjs.org/entities/-/entities-1.1.2.tgz",
			"integrity": "sha512-f2LZMYl1Fzu7YSBKg+RoROelpOaNrcGmE9AZubeDfrCEia483oW4MI4VyFd5VNHIgQ/7qm1I0wUHK1eJnn2y2w==",
			"dev": true
		},
		"enzyme": {
			"version": "3.7.0",
			"resolved": "https://registry.npmjs.org/enzyme/-/enzyme-3.7.0.tgz",
			"integrity": "sha512-QLWx+krGK6iDNyR1KlH5YPZqxZCQaVF6ike1eDJAOg0HvSkSCVImPsdWaNw6v+VrnK92Kg8jIOYhuOSS9sBpyg==",
			"dev": true,
			"requires": {
				"array.prototype.flat": "^1.2.1",
				"cheerio": "^1.0.0-rc.2",
				"function.prototype.name": "^1.1.0",
				"has": "^1.0.3",
				"is-boolean-object": "^1.0.0",
				"is-callable": "^1.1.4",
				"is-number-object": "^1.0.3",
				"is-string": "^1.0.4",
				"is-subset": "^0.1.1",
				"lodash.escape": "^4.0.1",
				"lodash.isequal": "^4.5.0",
				"object-inspect": "^1.6.0",
				"object-is": "^1.0.1",
				"object.assign": "^4.1.0",
				"object.entries": "^1.0.4",
				"object.values": "^1.0.4",
				"raf": "^3.4.0",
				"rst-selector-parser": "^2.2.3",
				"string.prototype.trim": "^1.1.2"
			}
		},
		"enzyme-adapter-react-16": {
			"version": "1.7.1",
			"resolved": "https://registry.npmjs.org/enzyme-adapter-react-16/-/enzyme-adapter-react-16-1.7.1.tgz",
			"integrity": "sha512-OQXKgfHWyHN3sFu2nKj3mhgRcqIPIJX6aOzq5AHVFES4R9Dw/vCBZFMPyaG81g2AZ5DogVh39P3MMNUbqNLTcw==",
			"dev": true,
			"requires": {
				"enzyme-adapter-utils": "^1.9.0",
				"function.prototype.name": "^1.1.0",
				"object.assign": "^4.1.0",
				"object.values": "^1.0.4",
				"prop-types": "^15.6.2",
				"react-is": "^16.6.1",
				"react-test-renderer": "^16.0.0-0"
			}
		},
		"enzyme-adapter-utils": {
			"version": "1.9.1",
			"resolved": "https://registry.npmjs.org/enzyme-adapter-utils/-/enzyme-adapter-utils-1.9.1.tgz",
			"integrity": "sha512-LWc88BbKztLXlpRf5Ba/pSMJRaNezAwZBvis3N/IuB65ltZEh2E2obWU9B36pAbw7rORYeBUuqc79OL17ZzN1A==",
			"dev": true,
			"requires": {
				"function.prototype.name": "^1.1.0",
				"object.assign": "^4.1.0",
				"prop-types": "^15.6.2",
				"semver": "^5.6.0"
			}
		},
		"enzyme-to-json": {
			"version": "3.3.5",
			"resolved": "https://registry.npmjs.org/enzyme-to-json/-/enzyme-to-json-3.3.5.tgz",
			"integrity": "sha512-DmH1wJ68HyPqKSYXdQqB33ZotwfUhwQZW3IGXaNXgR69Iodaoj8TF/D9RjLdz4pEhGq2Tx2zwNUIjBuqoZeTgA==",
			"dev": true,
			"requires": {
				"lodash": "^4.17.4"
			}
		},
		"es-abstract": {
			"version": "1.13.0",
			"resolved": "https://registry.npmjs.org/es-abstract/-/es-abstract-1.13.0.tgz",
			"integrity": "sha512-vDZfg/ykNxQVwup/8E1BZhVzFfBxs9NqMzGcvIJrqg5k2/5Za2bWo40dK2J1pgLngZ7c+Shh8lwYtLGyrwPutg==",
			"dev": true,
			"requires": {
				"es-to-primitive": "^1.2.0",
				"function-bind": "^1.1.1",
				"has": "^1.0.3",
				"is-callable": "^1.1.4",
				"is-regex": "^1.0.4",
				"object-keys": "^1.0.12"
			}
		},
		"es-to-primitive": {
			"version": "1.2.0",
			"resolved": "https://registry.npmjs.org/es-to-primitive/-/es-to-primitive-1.2.0.tgz",
			"integrity": "sha512-qZryBOJjV//LaxLTV6UC//WewneB3LcXOL9NP++ozKVXsIIIpm/2c13UDiD9Jp2eThsecw9m3jPqDwTyobcdbg==",
			"dev": true,
			"requires": {
				"is-callable": "^1.1.4",
				"is-date-object": "^1.0.1",
				"is-symbol": "^1.0.2"
			}
		},
		"function-bind": {
			"version": "1.1.1",
			"resolved": "https://registry.npmjs.org/function-bind/-/function-bind-1.1.1.tgz",
			"integrity": "sha512-yIovAzMX49sF8Yl58fSCWJ5svSLuaibPxXQJFLmBObTuCr0Mf1KiPopGM9NiFjiYBCbfaa2Fh6breQ6ANVTI0A==",
			"dev": true
		},
		"function.prototype.name": {
			"version": "1.1.0",
			"resolved": "https://registry.npmjs.org/function.prototype.name/-/function.prototype.name-1.1.0.tgz",
			"integrity": "sha512-Bs0VRrTz4ghD8pTmbJQD1mZ8A/mN0ur/jGz+A6FBxPDUPkm1tNfF6bhTYPA7i7aF4lZJVr+OXTNNrnnIl58Wfg==",
			"dev": true,
			"requires": {
				"define-properties": "^1.1.2",
				"function-bind": "^1.1.1",
				"is-callable": "^1.1.3"
			}
		},
		"has": {
			"version": "1.0.3",
			"resolved": "https://registry.npmjs.org/has/-/has-1.0.3.tgz",
			"integrity": "sha512-f2dvO0VU6Oej7RkWJGrehjbzMAjFp5/VKPp5tTpWIV4JHHZK1/BxbFRtf/siA2SWTe09caDmVtYYzWEIbBS4zw==",
			"dev": true,
			"requires": {
				"function-bind": "^1.1.1"
			}
		},
		"has-symbols": {
			"version": "1.0.0",
			"resolved": "https://registry.npmjs.org/has-symbols/-/has-symbols-1.0.0.tgz",
			"integrity": "sha1-uhqPGvKg/DllD1yFA2dwQSIGO0Q=",
			"dev": true
		},
		"hoist-non-react-statics": {
			"version": "3.2.1",
			"resolved": "https://registry.npmjs.org/hoist-non-react-statics/-/hoist-non-react-statics-3.2.1.tgz",
			"integrity": "sha512-TFsu3TV3YLY+zFTZDrN8L2DTFanObwmBLpWvJs1qfUuEQ5bTAdFcwfx2T/bsCXfM9QHSLvjfP+nihEl0yvozxw==",
			"requires": {
				"react-is": "^16.3.2"
			}
		},
		"immutable": {
			"version": "3.8.2",
			"resolved": "https://registry.npmjs.org/immutable/-/immutable-3.8.2.tgz",
			"integrity": "sha1-wkOZUUVbs5kT2vKBN28VMOEErfM="
		},
		"inherits": {
			"version": "2.0.3",
			"resolved": "https://registry.npmjs.org/inherits/-/inherits-2.0.3.tgz",
			"integrity": "sha1-Yzwsg+PaQqUC9SRmAiSA9CCCYd4=",
			"dev": true
		},
		"invariant": {
			"version": "2.2.4",
			"resolved": "https://registry.npmjs.org/invariant/-/invariant-2.2.4.tgz",
			"integrity": "sha512-phJfQVBuaJM5raOpJjSfkiD6BpbCE4Ns//LaXl6wGYtUBY83nWS6Rf9tXm2e8VaK60JEjYldbPif/A2B1C2gNA==",
			"requires": {
				"loose-envify": "^1.0.0"
			}
		},
		"is-boolean-object": {
			"version": "1.0.0",
			"resolved": "https://registry.npmjs.org/is-boolean-object/-/is-boolean-object-1.0.0.tgz",
			"integrity": "sha1-mPiygDBoQhmpXzdc+9iM40Bd/5M=",
			"dev": true
		},
		"is-callable": {
			"version": "1.1.4",
			"resolved": "https://registry.npmjs.org/is-callable/-/is-callable-1.1.4.tgz",
			"integrity": "sha512-r5p9sxJjYnArLjObpjA4xu5EKI3CuKHkJXMhT7kwbpUyIFD1n5PMAsoPvWnvtZiNz7LjkYDRZhd7FlI0eMijEA==",
			"dev": true
		},
		"is-date-object": {
			"version": "1.0.1",
			"resolved": "https://registry.npmjs.org/is-date-object/-/is-date-object-1.0.1.tgz",
			"integrity": "sha1-mqIOtq7rv/d/vTPnTKAbM1gdOhY=",
			"dev": true
		},
		"is-number-object": {
			"version": "1.0.3",
			"resolved": "https://registry.npmjs.org/is-number-object/-/is-number-object-1.0.3.tgz",
			"integrity": "sha1-8mWrian0RQNO9q/xWo8AsA9VF5k=",
			"dev": true
		},
		"is-regex": {
			"version": "1.0.4",
			"resolved": "https://registry.npmjs.org/is-regex/-/is-regex-1.0.4.tgz",
			"integrity": "sha1-VRdIm1RwkbCTDglWVM7SXul+lJE=",
			"dev": true,
			"requires": {
				"has": "^1.0.1"
			}
		},
		"is-string": {
			"version": "1.0.4",
			"resolved": "https://registry.npmjs.org/is-string/-/is-string-1.0.4.tgz",
			"integrity": "sha1-zDqbaYV9Yh6WNyWiTK7shzuCbmQ=",
			"dev": true
		},
		"is-subset": {
			"version": "0.1.1",
			"resolved": "https://registry.npmjs.org/is-subset/-/is-subset-0.1.1.tgz",
			"integrity": "sha1-ilkRfZMt4d4A8kX83TnOQ/HpOaY=",
			"dev": true
		},
		"is-symbol": {
			"version": "1.0.2",
			"resolved": "https://registry.npmjs.org/is-symbol/-/is-symbol-1.0.2.tgz",
			"integrity": "sha512-HS8bZ9ox60yCJLH9snBpIwv9pYUAkcuLhSA1oero1UB5y9aiQpRA8y2ex945AOtCZL1lJDeIk3G5LthswI46Lw==",
			"dev": true,
			"requires": {
				"has-symbols": "^1.0.0"
			}
		},
		"isexe": {
			"version": "2.0.0",
			"resolved": "https://registry.npmjs.org/isexe/-/isexe-2.0.0.tgz",
			"integrity": "sha1-6PvzdNxVb/iUehDcsFctYz8s+hA=",
			"dev": true
		},
		"js-tokens": {
			"version": "4.0.0",
			"resolved": "https://registry.npmjs.org/js-tokens/-/js-tokens-4.0.0.tgz",
			"integrity": "sha512-RdJUflcE3cUzKiMqQgsCu06FPu9UdIJO0beYbPhHN4k6apgJtifcoCtT9bcxOpYBtpD2kCM6Sbzg4CausW/PKQ=="
		},
		"lodash": {
			"version": "4.17.11",
			"resolved": "https://registry.npmjs.org/lodash/-/lodash-4.17.11.tgz",
			"integrity": "sha512-cQKh8igo5QUhZ7lg38DYWAxMvjSAKG0A8wGSVimP07SIUEK2UO+arSRKbRZWtelMtN5V0Hkwh5ryOto/SshYIg==",
			"dev": true
		},
		"lodash.escape": {
			"version": "4.0.1",
			"resolved": "https://registry.npmjs.org/lodash.escape/-/lodash.escape-4.0.1.tgz",
			"integrity": "sha1-yQRGkMIeBClL6qUXcS/e0fqI3pg=",
			"dev": true
		},
		"lodash.flattendeep": {
			"version": "4.4.0",
			"resolved": "https://registry.npmjs.org/lodash.flattendeep/-/lodash.flattendeep-4.4.0.tgz",
			"integrity": "sha1-+wMJF/hqMTTlvJvsDWngAT3f7bI=",
			"dev": true
		},
		"lodash.isequal": {
			"version": "4.5.0",
			"resolved": "https://registry.npmjs.org/lodash.isequal/-/lodash.isequal-4.5.0.tgz",
			"integrity": "sha1-QVxEePK8wwEgwizhDtMib30+GOA=",
			"dev": true
		},
		"lodash.isfunction": {
			"version": "3.0.9",
			"resolved": "https://registry.npmjs.org/lodash.isfunction/-/lodash.isfunction-3.0.9.tgz",
			"integrity": "sha512-AirXNj15uRIMMPihnkInB4i3NHeb4iBtNg9WRWuK2o31S+ePwwNmDPaTL3o7dTJ+VXNZim7rFs4rxN4YU1oUJw=="
		},
		"lodash.isobject": {
			"version": "3.0.2",
			"resolved": "https://registry.npmjs.org/lodash.isobject/-/lodash.isobject-3.0.2.tgz",
			"integrity": "sha1-PI+41bW/S/kK4G4U8qUwpO2TXh0="
		},
		"lodash.tonumber": {
			"version": "4.0.3",
			"resolved": "https://registry.npmjs.org/lodash.tonumber/-/lodash.tonumber-4.0.3.tgz",
			"integrity": "sha1-C5azGzVnJ5Prf1pj7nkfG56QJdk="
		},
		"loose-envify": {
			"version": "1.4.0",
			"resolved": "https://registry.npmjs.org/loose-envify/-/loose-envify-1.4.0.tgz",
			"integrity": "sha512-lyuxPGr/Wfhrlem2CL/UcnUc1zcqKAImBDzukY7Y5F/yQiNdko6+fRLevlw1HgMySw7f611UIY408EtxRSoK3Q==",
			"requires": {
				"js-tokens": "^3.0.0 || ^4.0.0"
			}
		},
		"lru-cache": {
			"version": "4.1.5",
			"resolved": "https://registry.npmjs.org/lru-cache/-/lru-cache-4.1.5.tgz",
			"integrity": "sha512-sWZlbEP2OsHNkXrMl5GYk/jKk70MBng6UU4YI/qGDYbgf6YbP4EvmqISbXCoJiRKs+1bSpFHVgQxvJ17F2li5g==",
			"dev": true,
			"requires": {
				"pseudomap": "^1.0.2",
				"yallist": "^2.1.2"
			}
		},
		"moo": {
			"version": "0.4.3",
			"resolved": "https://registry.npmjs.org/moo/-/moo-0.4.3.tgz",
			"integrity": "sha512-gFD2xGCl8YFgGHsqJ9NKRVdwlioeW3mI1iqfLNYQOv0+6JRwG58Zk9DIGQgyIaffSYaO1xsKnMaYzzNr1KyIAw==",
			"dev": true
		},
		"nearley": {
			"version": "2.16.0",
			"resolved": "https://registry.npmjs.org/nearley/-/nearley-2.16.0.tgz",
			"integrity": "sha512-Tr9XD3Vt/EujXbZBv6UAHYoLUSMQAxSsTnm9K3koXzjzNWY195NqALeyrzLZBKzAkL3gl92BcSogqrHjD8QuUg==",
			"dev": true,
			"requires": {
				"commander": "^2.19.0",
				"moo": "^0.4.3",
				"railroad-diagrams": "^1.0.0",
				"randexp": "0.4.6",
				"semver": "^5.4.1"
			}
		},
		"nth-check": {
			"version": "1.0.2",
			"resolved": "https://registry.npmjs.org/nth-check/-/nth-check-1.0.2.tgz",
			"integrity": "sha512-WeBOdju8SnzPN5vTUJYxYUxLeXpCaVP5i5e0LF8fg7WORF2Wd7wFX/pk0tYZk7s8T+J7VLy0Da6J1+wCT0AtHg==",
			"dev": true,
			"requires": {
				"boolbase": "~1.0.0"
			}
		},
		"object-assign": {
			"version": "4.1.1",
			"resolved": "https://registry.npmjs.org/object-assign/-/object-assign-4.1.1.tgz",
			"integrity": "sha1-IQmtx5ZYh8/AXLvUQsrIv7s2CGM="
		},
		"object-inspect": {
			"version": "1.6.0",
			"resolved": "https://registry.npmjs.org/object-inspect/-/object-inspect-1.6.0.tgz",
			"integrity": "sha512-GJzfBZ6DgDAmnuaM3104jR4s1Myxr3Y3zfIyN4z3UdqN69oSRacNK8UhnobDdC+7J2AHCjGwxQubNJfE70SXXQ==",
			"dev": true
		},
		"object-is": {
			"version": "1.0.1",
			"resolved": "https://registry.npmjs.org/object-is/-/object-is-1.0.1.tgz",
			"integrity": "sha1-CqYOyZiaCz7Xlc9NBvYs8a1lObY=",
			"dev": true
		},
		"object-keys": {
			"version": "1.0.12",
			"resolved": "https://registry.npmjs.org/object-keys/-/object-keys-1.0.12.tgz",
			"integrity": "sha512-FTMyFUm2wBcGHnH2eXmz7tC6IwlqQZ6mVZ+6dm6vZ4IQIHjs6FdNsQBuKGPuUUUY6NfJw2PshC08Tn6LzLDOag==",
			"dev": true
		},
		"object.assign": {
			"version": "4.1.0",
			"resolved": "https://registry.npmjs.org/object.assign/-/object.assign-4.1.0.tgz",
			"integrity": "sha512-exHJeq6kBKj58mqGyTQ9DFvrZC/eR6OwxzoM9YRoGBqrXYonaFyGiFMuc9VZrXf7DarreEwMpurG3dd+CNyW5w==",
			"dev": true,
			"requires": {
				"define-properties": "^1.1.2",
				"function-bind": "^1.1.1",
				"has-symbols": "^1.0.0",
				"object-keys": "^1.0.11"
			}
		},
		"object.entries": {
			"version": "1.1.0",
			"resolved": "https://registry.npmjs.org/object.entries/-/object.entries-1.1.0.tgz",
			"integrity": "sha512-l+H6EQ8qzGRxbkHOd5I/aHRhHDKoQXQ8g0BYt4uSweQU1/J6dZUOyWh9a2Vky35YCKjzmgxOzta2hH6kf9HuXA==",
			"dev": true,
			"requires": {
				"define-properties": "^1.1.3",
				"es-abstract": "^1.12.0",
				"function-bind": "^1.1.1",
				"has": "^1.0.3"
			}
		},
		"object.values": {
			"version": "1.1.0",
			"resolved": "https://registry.npmjs.org/object.values/-/object.values-1.1.0.tgz",
			"integrity": "sha512-8mf0nKLAoFX6VlNVdhGj31SVYpaNFtUnuoOXWyFEstsWRgU837AK+JYM0iAxwkSzGRbwn8cbFmgbyxj1j4VbXg==",
			"dev": true,
			"requires": {
				"define-properties": "^1.1.3",
				"es-abstract": "^1.12.0",
				"function-bind": "^1.1.1",
				"has": "^1.0.3"
			}
		},
		"performance-now": {
			"version": "2.1.0",
			"resolved": "https://registry.npmjs.org/performance-now/-/performance-now-2.1.0.tgz",
			"integrity": "sha1-Ywn04OX6kT7BxpMHrjZLSzd8nns=",
			"dev": true
		},
		"popper.js": {
			"version": "1.14.6",
			"resolved": "https://registry.npmjs.org/popper.js/-/popper.js-1.14.6.tgz",
			"integrity": "sha512-AGwHGQBKumlk/MDfrSOf0JHhJCImdDMcGNoqKmKkU+68GFazv3CQ6q9r7Ja1sKDZmYWTckY/uLyEznheTDycnA=="
		},
		"prop-types": {
			"version": "15.6.2",
			"resolved": "https://registry.npmjs.org/prop-types/-/prop-types-15.6.2.tgz",
			"integrity": "sha512-3pboPvLiWD7dkI3qf3KbUe6hKFKa52w+AE0VCqECtf+QHAKgOL37tTaNCnuX1nAAQ4ZhyP+kYVKf8rLmJ/feDQ==",
			"requires": {
				"loose-envify": "^1.3.1",
				"object-assign": "^4.1.1"
			}
		},
		"pseudomap": {
			"version": "1.0.2",
			"resolved": "https://registry.npmjs.org/pseudomap/-/pseudomap-1.0.2.tgz",
			"integrity": "sha1-8FKijacOYYkX7wqKw0wa5aaChrM=",
			"dev": true
		},
		"raf": {
			"version": "3.4.0",
			"resolved": "https://registry.npmjs.org/raf/-/raf-3.4.0.tgz",
			"integrity": "sha512-pDP/NMRAXoTfrhCfyfSEwJAKLaxBU9eApMeBPB1TkDouZmvPerIClV8lTAd+uF8ZiTaVl69e1FCxQrAd/VTjGw==",
			"dev": true,
			"requires": {
				"performance-now": "^2.1.0"
			}
		},
		"railroad-diagrams": {
			"version": "1.0.0",
			"resolved": "https://registry.npmjs.org/railroad-diagrams/-/railroad-diagrams-1.0.0.tgz",
			"integrity": "sha1-635iZ1SN3t+4mcG5Dlc3RVnN234=",
			"dev": true
		},
		"randexp": {
			"version": "0.4.6",
			"resolved": "https://registry.npmjs.org/randexp/-/randexp-0.4.6.tgz",
			"integrity": "sha512-80WNmd9DA0tmZrw9qQa62GPPWfuXJknrmVmLcxvq4uZBdYqb1wYoKTmnlGUchvVWe0XiLupYkBoXVOxz3C8DYQ==",
			"dev": true,
			"requires": {
				"discontinuous-range": "1.0.0",
				"ret": "~0.1.10"
			}
		},
		"react": {
			"version": "16.6.3",
			"resolved": "https://registry.npmjs.org/react/-/react-16.6.3.tgz",
			"integrity": "sha512-zCvmH2vbEolgKxtqXL2wmGCUxUyNheYn/C+PD1YAjfxHC54+MhdruyhO7QieQrYsYeTxrn93PM2y0jRH1zEExw==",
			"requires": {
				"loose-envify": "^1.1.0",
				"object-assign": "^4.1.1",
				"prop-types": "^15.6.2",
				"scheduler": "^0.11.2"
			}
		},
		"react-app-rewired": {
			"version": "1.6.2",
			"resolved": "https://registry.npmjs.org/react-app-rewired/-/react-app-rewired-1.6.2.tgz",
			"integrity": "sha512-TxbP1W9jPPTmj0YJeFNgcJc6IMg7sv845aHUIUvVQtXdA8IWzOZairk3Bth6GHbxoF2QitbvUlM7/NAH4VmmJg==",
			"dev": true,
			"requires": {
				"cross-spawn": "^5.1.0",
				"dotenv": "^4.0.0"
			},
			"dependencies": {
				"cross-spawn": {
					"version": "5.1.0",
					"resolved": "https://registry.npmjs.org/cross-spawn/-/cross-spawn-5.1.0.tgz",
					"integrity": "sha1-6L0O/uWPz/b4+UUQoKVUu/ojVEk=",
					"dev": true,
					"requires": {
						"lru-cache": "^4.0.1",
						"shebang-command": "^1.2.0",
						"which": "^1.2.9"
					}
				},
				"dotenv": {
					"version": "4.0.0",
					"resolved": "https://registry.npmjs.org/dotenv/-/dotenv-4.0.0.tgz",
					"integrity": "sha1-hk7xN5rO1Vzm+V3r7NzhefegzR0=",
					"dev": true
				}
			}
		},
		"react-dom": {
			"version": "16.6.3",
			"resolved": "https://registry.npmjs.org/react-dom/-/react-dom-16.6.3.tgz",
			"integrity": "sha512-8ugJWRCWLGXy+7PmNh8WJz3g1TaTUt1XyoIcFN+x0Zbkoz+KKdUyx1AQLYJdbFXjuF41Nmjn5+j//rxvhFjgSQ==",
			"requires": {
				"loose-envify": "^1.1.0",
				"object-assign": "^4.1.1",
				"prop-types": "^15.6.2",
				"scheduler": "^0.11.2"
			}
		},
		"react-is": {
			"version": "16.7.0",
			"resolved": "https://registry.npmjs.org/react-is/-/react-is-16.7.0.tgz",
			"integrity": "sha512-Z0VRQdF4NPDoI0tsXVMLkJLiwEBa+RP66g0xDHxgxysxSoCUccSten4RTF/UFvZF1dZvZ9Zu1sx+MDXwcOR34g=="
		},
		"react-lifecycles-compat": {
			"version": "3.0.4",
			"resolved": "https://registry.npmjs.org/react-lifecycles-compat/-/react-lifecycles-compat-3.0.4.tgz",
			"integrity": "sha512-fBASbA6LnOU9dOU2eW7aQ8xmYBSXUIWr+UmF9b1efZBazGNO+rcXT/icdKnYm2pTwcRylVUYwW7H1PHfLekVzA=="
		},
		"react-popper": {
			"version": "0.10.4",
			"resolved": "https://registry.npmjs.org/react-popper/-/react-popper-0.10.4.tgz",
			"integrity": "sha1-rypBXqIike3VBGeNev2opu4ylao=",
			"requires": {
				"popper.js": "^1.14.1",
				"prop-types": "^15.6.1"
			}
		},
		"react-redux": {
			"version": "5.1.1",
			"resolved": "https://registry.npmjs.org/react-redux/-/react-redux-5.1.1.tgz",
			"integrity": "sha512-LE7Ned+cv5qe7tMV5BPYkGQ5Lpg8gzgItK07c67yHvJ8t0iaD9kPFPAli/mYkiyJYrs2pJgExR2ZgsGqlrOApg==",
			"requires": {
				"@babel/runtime": "^7.1.2",
				"hoist-non-react-statics": "^3.1.0",
				"invariant": "^2.2.4",
				"loose-envify": "^1.1.0",
				"prop-types": "^15.6.1",
				"react-is": "^16.6.0",
				"react-lifecycles-compat": "^3.0.0"
			}
		},
		"react-test-renderer": {
			"version": "16.6.3",
			"resolved": "https://registry.npmjs.org/react-test-renderer/-/react-test-renderer-16.6.3.tgz",
			"integrity": "sha512-B5bCer+qymrQz/wN03lT0LppbZUDRq6AMfzMKrovzkGzfO81a9T+PWQW6MzkWknbwODQH/qpJno/yFQLX5IWrQ==",
			"dev": true,
			"requires": {
				"object-assign": "^4.1.1",
				"prop-types": "^15.6.2",
				"react-is": "^16.6.3",
				"scheduler": "^0.11.2"
			}
		},
		"react-transition-group": {
			"version": "2.5.2",
			"resolved": "https://registry.npmjs.org/react-transition-group/-/react-transition-group-2.5.2.tgz",
			"integrity": "sha512-vwHP++S+f6KL7rg8V1mfs62+MBKtbMeZDR8KiNmD7v98Gs3UPGsDZDahPJH2PVprFW5YHJfh6cbNim3zPndaSQ==",
			"requires": {
				"dom-helpers": "^3.3.1",
				"loose-envify": "^1.4.0",
				"prop-types": "^15.6.2",
				"react-lifecycles-compat": "^3.0.4"
			}
		},
		"reactstrap": {
			"version": "6.5.0",
			"resolved": "https://registry.npmjs.org/reactstrap/-/reactstrap-6.5.0.tgz",
			"integrity": "sha512-dWb3fB/wBAiQloteKlf+j9Nl2VLe6BMZgTEt6hpeTt0t9TwtkeU+2v2NBYONZaF4FZATfMiIKozhWpc2HmLW1g==",
			"requires": {
				"classnames": "^2.2.3",
				"lodash.isfunction": "^3.0.9",
				"lodash.isobject": "^3.0.2",
				"lodash.tonumber": "^4.0.3",
				"prop-types": "^15.5.8",
				"react-lifecycles-compat": "^3.0.4",
				"react-popper": "^0.10.4",
				"react-transition-group": "^2.3.1"
			}
		},
		"redux": {
			"version": "4.0.1",
			"resolved": "https://registry.npmjs.org/redux/-/redux-4.0.1.tgz",
			"integrity": "sha512-R7bAtSkk7nY6O/OYMVR9RiBI+XghjF9rlbl5806HJbQph0LJVHZrU5oaO4q70eUKiqMRqm4y07KLTlMZ2BlVmg==",
			"dev": true,
			"requires": {
				"loose-envify": "^1.4.0",
				"symbol-observable": "^1.2.0"
			}
		},
		"ret": {
			"version": "0.1.15",
			"resolved": "https://registry.npmjs.org/ret/-/ret-0.1.15.tgz",
			"integrity": "sha512-TTlYpa+OL+vMMNG24xSlQGEJ3B/RzEfUlLct7b5G/ytav+wPrplCpVMFuwzXbkecJrb6IYo1iFb0S9v37754mg==",
			"dev": true
		},
		"rst-selector-parser": {
			"version": "2.2.3",
			"resolved": "https://registry.npmjs.org/rst-selector-parser/-/rst-selector-parser-2.2.3.tgz",
			"integrity": "sha1-gbIw6i/MYGbInjRy3nlChdmwPZE=",
			"dev": true,
			"requires": {
				"lodash.flattendeep": "^4.4.0",
				"nearley": "^2.7.10"
			}
		},
		"safe-buffer": {
			"version": "5.1.2",
			"resolved": "https://registry.npmjs.org/safe-buffer/-/safe-buffer-5.1.2.tgz",
			"integrity": "sha512-Gd2UZBJDkXlY7GbJxfsE8/nvKkUEU1G38c1siN6QP6a9PT9MmHB8GnpscSmMJSoF8LOIrt8ud/wPtojys4G6+g==",
			"dev": true
		},
		"scheduler": {
			"version": "0.11.3",
			"resolved": "https://registry.npmjs.org/scheduler/-/scheduler-0.11.3.tgz",
			"integrity": "sha512-i9X9VRRVZDd3xZw10NY5Z2cVMbdYg6gqFecfj79USv1CFN+YrJ3gIPRKf1qlY+Sxly4djoKdfx1T+m9dnRB8kQ==",
			"requires": {
				"loose-envify": "^1.1.0",
				"object-assign": "^4.1.1"
			}
		},
		"seamless-immutable": {
			"version": "7.1.4",
			"resolved": "https://registry.npmjs.org/seamless-immutable/-/seamless-immutable-7.1.4.tgz",
			"integrity": "sha512-XiUO1QP4ki4E2PHegiGAlu6r82o5A+6tRh7IkGGTVg/h+UoeX4nFBeCGPOhb4CYjvkqsfm/TUtvOMYC1xmV30A=="
		},
		"semver": {
			"version": "5.6.0",
			"resolved": "https://registry.npmjs.org/semver/-/semver-5.6.0.tgz",
			"integrity": "sha512-RS9R6R35NYgQn++fkDWaOmqGoj4Ek9gGs+DPxNUZKuwE183xjJroKvyo1IzVFeXvUrvmALy6FWD5xrdJT25gMg==",
			"dev": true
		},
		"shebang-command": {
			"version": "1.2.0",
			"resolved": "https://registry.npmjs.org/shebang-command/-/shebang-command-1.2.0.tgz",
			"integrity": "sha1-RKrGW2lbAzmJaMOfNj/uXer98eo=",
			"dev": true,
			"requires": {
				"shebang-regex": "^1.0.0"
			}
		},
		"shebang-regex": {
			"version": "1.0.0",
			"resolved": "https://registry.npmjs.org/shebang-regex/-/shebang-regex-1.0.0.tgz",
			"integrity": "sha1-2kL0l0DAtC2yypcoVxyxkMmO/qM=",
			"dev": true
		},
		"string.prototype.trim": {
			"version": "1.1.2",
			"resolved": "https://registry.npmjs.org/string.prototype.trim/-/string.prototype.trim-1.1.2.tgz",
			"integrity": "sha1-0E3iyJ4Tf019IG8Ia17S+ua+jOo=",
			"dev": true,
			"requires": {
				"define-properties": "^1.1.2",
				"es-abstract": "^1.5.0",
				"function-bind": "^1.0.2"
			}
		},
		"string_decoder": {
			"version": "1.1.1",
			"resolved": "https://registry.npmjs.org/string_decoder/-/string_decoder-1.1.1.tgz",
			"integrity": "sha512-n/ShnvDi6FHbbVfviro+WojiFzv+s8MPMHBczVePfUpDJLwoLT0ht1l4YwBCbi8pJAveEEdnkHyPyTP/mzRfwg==",
			"dev": true,
			"requires": {
				"safe-buffer": "~5.1.0"
			}
		},
		"symbol-observable": {
			"version": "1.2.0",
			"resolved": "https://registry.npmjs.org/symbol-observable/-/symbol-observable-1.2.0.tgz",
			"integrity": "sha512-e900nM8RRtGhlV36KGEU9k65K3mPb1WV70OdjfxlG2EAuM1noi/E/BaW/uMhL7bPEssK8QV57vN3esixjUvcXQ==",
			"dev": true
		},
		"typesafe-actions": {
			"version": "2.0.4",
			"resolved": "https://registry.npmjs.org/typesafe-actions/-/typesafe-actions-2.0.4.tgz",
			"integrity": "sha512-3qnSDBNtH3mfekmM9w/IVlsqiUT4I5m+mpLp5tV2Ua/28BfaehqUg6eQNC8+cTk+oufbXcubLiWvKS/61qgleQ=="
		},
		"typescript": {
			"version": "3.2.2",
			"resolved": "https://registry.npmjs.org/typescript/-/typescript-3.2.2.tgz",
			"integrity": "sha512-VCj5UiSyHBjwfYacmDuc/NOk4QQixbE+Wn7MFJuS0nRuPQbof132Pw4u53dm264O8LPc2MVsc7RJNml5szurkg==",
			"dev": true
		},
		"util-deprecate": {
			"version": "1.0.2",
			"resolved": "https://registry.npmjs.org/util-deprecate/-/util-deprecate-1.0.2.tgz",
			"integrity": "sha1-RQ1Nyfpw3nMnYvvS1KKJgUGaDM8=",
			"dev": true
		},
		"which": {
			"version": "1.3.1",
			"resolved": "https://registry.npmjs.org/which/-/which-1.3.1.tgz",
			"integrity": "sha512-HxJdYWq1MTIQbJ3nw0cqssHoTNU267KlrDuGZ1WYlxDStUtKUhOaJmh112/TZmHxxUfuJqPXSOm7tDyas0OSIQ==",
			"dev": true,
			"requires": {
				"isexe": "^2.0.0"
			}
		},
		"yallist": {
			"version": "2.1.2",
			"resolved": "https://registry.npmjs.org/yallist/-/yallist-2.1.2.tgz",
			"integrity": "sha1-HBH5IY8HYImkfdUS+TxmmaaoHVI=",
			"dev": true
		}
	}
}
